
Microsoft Visual Studio Solution File, Format Version 12.00
# Visual Studio Version 17
VisualStudioVersion = 17.13.35825.156
MinimumVisualStudioVersion = 10.0.40219.1
Project("{FAE04EC0-301F-11D3-BF4B-00C04F79EFBC}") = "StockSimulator.Business", "StockSimulator.Business\StockSimulator.Business.csproj", "{218A6D99-3862-4889-B6A8-FFD724C36623}"
EndProject
Project("{FAE04EC0-301F-11D3-BF4B-00C04F79EFBC}") = "StockSimulator.Data", "StockSimulator.Data\StockSimulator.Data.csproj", "{571879E5-3841-4979-93F5-842307402101}"
EndProject
Project("{FAE04EC0-301F-11D3-BF4B-00C04F79EFBC}") = "StockSimulator", "StockSimulator\StockSimulator.csproj", "{74614F69-E6BF-4A8B-8C02-7D0ECA075EF4}"
EndProject
Project("{FAE04EC0-301F-11D3-BF4B-00C04F79EFBC}") = "TradeMatchingConsoleApp", "TradeMatchingConsoleApp\TradeMatchingConsoleApp.csproj", "{366D2D24-4BB1-46E5-B9ED-DAB499A2F55C}"
EndProject
Project("{2150E333-8FDC-42A3-9474-1A3956D46DE8}") = "Tests", "Tests", "{02EA681E-C7D8-13C7-8484-4AC65E1B71E8}"
EndProject
Project("{FAE04EC0-301F-11D3-BF4B-00C04F79EFBC}") = "TradeMatchingConsoleApp.Test", "Tests\TradeMatchingConsoleApp.Tests\TestProject1\TradeMatchingConsoleApp.Test.csproj", "{16659E08-284B-4651-9A3B-551D2AD9F2F3}"
EndProject
Project("{54A90642-561A-4BB1-A94E-469ADEE60C69}") = "stocksimulator.client", "stocksimulator.client\stocksimulator.client.esproj", "{BB7CE880-8449-9E1A-D203-DE35EC8F0CB7}"
EndProject
Global
	GlobalSection(SolutionConfigurationPlatforms) = preSolution
		Debug|Any CPU = Debug|Any CPU
		Release|Any CPU = Release|Any CPU
	EndGlobalSection
	GlobalSection(ProjectConfigurationPlatforms) = postSolution
		{218A6D99-3862-4889-B6A8-FFD724C36623}.Debug|Any CPU.ActiveCfg = Debug|Any CPU
		{218A6D99-3862-4889-B6A8-FFD724C36623}.Debug|Any CPU.Build.0 = Debug|Any CPU
		{218A6D99-3862-4889-B6A8-FFD724C36623}.Release|Any CPU.ActiveCfg = Release|Any CPU
		{218A6D99-3862-4889-B6A8-FFD724C36623}.Release|Any CPU.Build.0 = Release|Any CPU
		{571879E5-3841-4979-93F5-842307402101}.Debug|Any CPU.ActiveCfg = Debug|Any CPU
		{571879E5-3841-4979-93F5-842307402101}.Debug|Any CPU.Build.0 = Debug|Any CPU
		{571879E5-3841-4979-93F5-842307402101}.Release|Any CPU.ActiveCfg = Release|Any CPU
		{571879E5-3841-4979-93F5-842307402101}.Release|Any CPU.Build.0 = Release|Any CPU
		{74614F69-E6BF-4A8B-8C02-7D0ECA075EF4}.Debug|Any CPU.ActiveCfg = Debug|Any CPU
		{74614F69-E6BF-4A8B-8C02-7D0ECA075EF4}.Debug|Any CPU.Build.0 = Debug|Any CPU
		{74614F69-E6BF-4A8B-8C02-7D0ECA075EF4}.Release|Any CPU.ActiveCfg = Release|Any CPU
		{74614F69-E6BF-4A8B-8C02-7D0ECA075EF4}.Release|Any CPU.Build.0 = Release|Any CPU
		{366D2D24-4BB1-46E5-B9ED-DAB499A2F55C}.Debug|Any CPU.ActiveCfg = Debug|Any CPU
		{366D2D24-4BB1-46E5-B9ED-DAB499A2F55C}.Debug|Any CPU.Build.0 = Debug|Any CPU
		{366D2D24-4BB1-46E5-B9ED-DAB499A2F55C}.Release|Any CPU.ActiveCfg = Release|Any CPU
		{366D2D24-4BB1-46E5-B9ED-DAB499A2F55C}.Release|Any CPU.Build.0 = Release|Any CPU
		{16659E08-284B-4651-9A3B-551D2AD9F2F3}.Debug|Any CPU.ActiveCfg = Debug|Any CPU
		{16659E08-284B-4651-9A3B-551D2AD9F2F3}.Debug|Any CPU.Build.0 = Debug|Any CPU
		{16659E08-284B-4651-9A3B-551D2AD9F2F3}.Release|Any CPU.ActiveCfg = Release|Any CPU
		{16659E08-284B-4651-9A3B-551D2AD9F2F3}.Release|Any CPU.Build.0 = Release|Any CPU
		{BB7CE880-8449-9E1A-D203-DE35EC8F0CB7}.Debug|Any CPU.ActiveCfg = Debug|Any CPU
		{BB7CE880-8449-9E1A-D203-DE35EC8F0CB7}.Debug|Any CPU.Build.0 = Debug|Any CPU
		{BB7CE880-8449-9E1A-D203-DE35EC8F0CB7}.Debug|Any CPU.Deploy.0 = Debug|Any CPU
		{BB7CE880-8449-9E1A-D203-DE35EC8F0CB7}.Release|Any CPU.ActiveCfg = Release|Any CPU
		{BB7CE880-8449-9E1A-D203-DE35EC8F0CB7}.Release|Any CPU.Build.0 = Release|Any CPU
		{BB7CE880-8449-9E1A-D203-DE35EC8F0CB7}.Release|Any CPU.Deploy.0 = Release|Any CPU
	EndGlobalSection
	GlobalSection(SolutionProperties) = preSolution
		HideSolutionNode = FALSE
	EndGlobalSection
	GlobalSection(NestedProjects) = preSolution
		{16659E08-284B-4651-9A3B-551D2AD9F2F3} = {02EA681E-C7D8-13C7-8484-4AC65E1B71E8}
	EndGlobalSection
	GlobalSection(ExtensibilityGlobals) = postSolution
		SolutionGuid = {CD5E6749-4699-453E-832A-364CAB999C1C}
	EndGlobalSection
EndGlobal
